
Microsoft Visual Studio Solution File, Format Version 12.00
# Visual Studio Express 2013 for Windows Desktop
VisualStudioVersion = 12.0.30723.0
MinimumVisualStudioVersion = 10.0.40219.1
Project("{FAE04EC0-301F-11D3-BF4B-00C04F79EFBC}") = "dbSend.GUI", "dbSend.GUI\dbSend.GUI.csproj", "{1C18FA08-9B05-4620-A347-42C59C7AB6B7}"
EndProject
Project("{FAE04EC0-301F-11D3-BF4B-00C04F79EFBC}") = "dbSend.WIX", "dbSend.WIX\dbSend.WIX.csproj", "{8231CD8F-38F4-4A03-B2F8-262C64B0262A}"
EndProject
Project("{FAE04EC0-301F-11D3-BF4B-00C04F79EFBC}") = "dbSend.Cmd", "dbSend.Cmd\dbSend.Cmd.csproj", "{BE09BCF5-E331-4807-9B96-15B2B7DD06C1}"
EndProject
Project("{FAE04EC0-301F-11D3-BF4B-00C04F79EFBC}") = "dbSend.Process", "dbSend.Process\dbSend.Process.csproj", "{13FD2EEA-34B0-4C04-BDD4-8D6ABC80CA21}"
EndProject
Global
	GlobalSection(SolutionConfigurationPlatforms) = preSolution
		Debug|Any CPU = Debug|Any CPU
		Release|Any CPU = Release|Any CPU
	EndGlobalSection
	GlobalSection(ProjectConfigurationPlatforms) = postSolution
		{1C18FA08-9B05-4620-A347-42C59C7AB6B7}.Debug|Any CPU.ActiveCfg = Debug|Any CPU
		{1C18FA08-9B05-4620-A347-42C59C7AB6B7}.Debug|Any CPU.Build.0 = Debug|Any CPU
		{1C18FA08-9B05-4620-A347-42C59C7AB6B7}.Release|Any CPU.ActiveCfg = Release|Any CPU
		{1C18FA08-9B05-4620-A347-42C59C7AB6B7}.Release|Any CPU.Build.0 = Release|Any CPU
		{8231CD8F-38F4-4A03-B2F8-262C64B0262A}.Debug|Any CPU.ActiveCfg = Debug|Any CPU
		{8231CD8F-38F4-4A03-B2F8-262C64B0262A}.Debug|Any CPU.Build.0 = Debug|Any CPU
		{8231CD8F-38F4-4A03-B2F8-262C64B0262A}.Release|Any CPU.ActiveCfg = Release|Any CPU
		{8231CD8F-38F4-4A03-B2F8-262C64B0262A}.Release|Any CPU.Build.0 = Release|Any CPU
		{BE09BCF5-E331-4807-9B96-15B2B7DD06C1}.Debug|Any CPU.ActiveCfg = Debug|Any CPU
		{BE09BCF5-E331-4807-9B96-15B2B7DD06C1}.Debug|Any CPU.Build.0 = Debug|Any CPU
		{BE09BCF5-E331-4807-9B96-15B2B7DD06C1}.Release|Any CPU.ActiveCfg = Release|Any CPU
		{BE09BCF5-E331-4807-9B96-15B2B7DD06C1}.Release|Any CPU.Build.0 = Release|Any CPU
		{13FD2EEA-34B0-4C04-BDD4-8D6ABC80CA21}.Debug|Any CPU.ActiveCfg = Debug|Any CPU
		{13FD2EEA-34B0-4C04-BDD4-8D6ABC80CA21}.Debug|Any CPU.Build.0 = Debug|Any CPU
		{13FD2EEA-34B0-4C04-BDD4-8D6ABC80CA21}.Release|Any CPU.ActiveCfg = Release|Any CPU
		{13FD2EEA-34B0-4C04-BDD4-8D6ABC80CA21}.Release|Any CPU.Build.0 = Release|Any CPU
	EndGlobalSection
	GlobalSection(SolutionProperties) = preSolution
		HideSolutionNode = FALSE
	EndGlobalSection
EndGlobal
